// !$*UTF8*$!
{
	archiveVersion = 1;
	classes = {
	};
	objectVersion = 56;
	objects = {

/* Begin PBXBuildFile section */
		81C9C9942B37E5CB000FF8F0 /* tripDatePicker.swift in Sources */ = {isa = PBXBuildFile; fileRef = 81C9C9932B37E5CB000FF8F0 /* tripDatePicker.swift */; };
		81C9C9962B37E63C000FF8F0 /* DateValue.swift in Sources */ = {isa = PBXBuildFile; fileRef = 81C9C9952B37E63C000FF8F0 /* DateValue.swift */; };
		81C9C9992B37E694000FF8F0 /* CalendarView.swift in Sources */ = {isa = PBXBuildFile; fileRef = 81C9C9982B37E694000FF8F0 /* CalendarView.swift */; };
		A52996102B32FE4200864885 /* ContentView.swift in Sources */ = {isa = PBXBuildFile; fileRef = A529960F2B32FE4200864885 /* ContentView.swift */; };
		A52996122B32FE7200864885 /* DestinationListingView.swift in Sources */ = {isa = PBXBuildFile; fileRef = A52996112B32FE7200864885 /* DestinationListingView.swift */; };
		A52996142B32FE9100864885 /* EditDestinationView.swift in Sources */ = {isa = PBXBuildFile; fileRef = A52996132B32FE9100864885 /* EditDestinationView.swift */; };
		A52996162B32FEBD00864885 /* PlansForDestinationView.swift in Sources */ = {isa = PBXBuildFile; fileRef = A52996152B32FEBD00864885 /* PlansForDestinationView.swift */; };
		A52996182B32FEE500864885 /* Destination.swift in Sources */ = {isa = PBXBuildFile; fileRef = A52996172B32FEE500864885 /* Destination.swift */; };
		A5AEEC162B2F1D750028EC4B /* MattaAppApp.swift in Sources */ = {isa = PBXBuildFile; fileRef = A5AEEC152B2F1D750028EC4B /* MattaAppApp.swift */; };
		A5AEEC1A2B2F1D760028EC4B /* Assets.xcassets in Resources */ = {isa = PBXBuildFile; fileRef = A5AEEC192B2F1D760028EC4B /* Assets.xcassets */; };
		A5AEEC1D2B2F1D760028EC4B /* Preview Assets.xcassets in Resources */ = {isa = PBXBuildFile; fileRef = A5AEEC1C2B2F1D760028EC4B /* Preview Assets.xcassets */; };
		A5AEEC222B2F1D760028EC4B /* MattaApp.xcdatamodeld in Sources */ = {isa = PBXBuildFile; fileRef = A5AEEC202B2F1D760028EC4B /* MattaApp.xcdatamodeld */; };
		A5AEEC472B2F1F700028EC4B /* SplashPage.swift in Sources */ = {isa = PBXBuildFile; fileRef = A5AEEC462B2F1F700028EC4B /* SplashPage.swift */; };
/* End PBXBuildFile section */

/* Begin PBXContainerItemProxy section */
		A5AEEC2A2B2F1D760028EC4B /* PBXContainerItemProxy */ = {
			isa = PBXContainerItemProxy;
			containerPortal = A5AEEC0A2B2F1D750028EC4B /* Project object */;
			proxyType = 1;
			remoteGlobalIDString = A5AEEC112B2F1D750028EC4B;
			remoteInfo = MattaApp;
		};
		A5AEEC342B2F1D760028EC4B /* PBXContainerItemProxy */ = {
			isa = PBXContainerItemProxy;
			containerPortal = A5AEEC0A2B2F1D750028EC4B /* Project object */;
			proxyType = 1;
			remoteGlobalIDString = A5AEEC112B2F1D750028EC4B;
			remoteInfo = MattaApp;
		};
/* End PBXContainerItemProxy section */

/* Begin PBXFileReference section */
		81C9C9932B37E5CB000FF8F0 /* tripDatePicker.swift */ = {isa = PBXFileReference; lastKnownFileType = sourcecode.swift; path = tripDatePicker.swift; sourceTree = "<group>"; };
		81C9C9952B37E63C000FF8F0 /* DateValue.swift */ = {isa = PBXFileReference; lastKnownFileType = sourcecode.swift; path = DateValue.swift; sourceTree = "<group>"; };
		81C9C9982B37E694000FF8F0 /* CalendarView.swift */ = {isa = PBXFileReference; lastKnownFileType = sourcecode.swift; path = CalendarView.swift; sourceTree = "<group>"; };
		A529960F2B32FE4200864885 /* ContentView.swift */ = {isa = PBXFileReference; lastKnownFileType = sourcecode.swift; path = ContentView.swift; sourceTree = "<group>"; };
		A52996112B32FE7200864885 /* DestinationListingView.swift */ = {isa = PBXFileReference; lastKnownFileType = sourcecode.swift; path = DestinationListingView.swift; sourceTree = "<group>"; };
		A52996132B32FE9100864885 /* EditDestinationView.swift */ = {isa = PBXFileReference; lastKnownFileType = sourcecode.swift; path = EditDestinationView.swift; sourceTree = "<group>"; };
		A52996152B32FEBD00864885 /* PlansForDestinationView.swift */ = {isa = PBXFileReference; lastKnownFileType = sourcecode.swift; path = PlansForDestinationView.swift; sourceTree = "<group>"; };
		A52996172B32FEE500864885 /* Destination.swift */ = {isa = PBXFileReference; lastKnownFileType = sourcecode.swift; path = Destination.swift; sourceTree = "<group>"; };
		A5AEEC122B2F1D750028EC4B /* MattaApp.app */ = {isa = PBXFileReference; explicitFileType = wrapper.application; includeInIndex = 0; path = MattaApp.app; sourceTree = BUILT_PRODUCTS_DIR; };
		A5AEEC152B2F1D750028EC4B /* MattaAppApp.swift */ = {isa = PBXFileReference; lastKnownFileType = sourcecode.swift; path = MattaAppApp.swift; sourceTree = "<group>"; };
		A5AEEC192B2F1D760028EC4B /* Assets.xcassets */ = {isa = PBXFileReference; lastKnownFileType = folder.assetcatalog; path = Assets.xcassets; sourceTree = "<group>"; };
		A5AEEC1C2B2F1D760028EC4B /* Preview Assets.xcassets */ = {isa = PBXFileReference; lastKnownFileType = folder.assetcatalog; path = "Preview Assets.xcassets"; sourceTree = "<group>"; };
		A5AEEC212B2F1D760028EC4B /* MattaApp.xcdatamodel */ = {isa = PBXFileReference; lastKnownFileType = wrapper.xcdatamodel; path = MattaApp.xcdatamodel; sourceTree = "<group>"; };
		A5AEEC232B2F1D760028EC4B /* MattaApp.entitlements */ = {isa = PBXFileReference; lastKnownFileType = text.plist.entitlements; path = MattaApp.entitlements; sourceTree = "<group>"; };
		A5AEEC242B2F1D760028EC4B /* Info.plist */ = {isa = PBXFileReference; lastKnownFileType = text.plist.xml; path = Info.plist; sourceTree = "<group>"; };
		A5AEEC292B2F1D760028EC4B /* MattaAppTests.xctest */ = {isa = PBXFileReference; explicitFileType = wrapper.cfbundle; includeInIndex = 0; path = MattaAppTests.xctest; sourceTree = BUILT_PRODUCTS_DIR; };
		A5AEEC332B2F1D760028EC4B /* MattaAppUITests.xctest */ = {isa = PBXFileReference; explicitFileType = wrapper.cfbundle; includeInIndex = 0; path = MattaAppUITests.xctest; sourceTree = BUILT_PRODUCTS_DIR; };
		A5AEEC462B2F1F700028EC4B /* SplashPage.swift */ = {isa = PBXFileReference; lastKnownFileType = sourcecode.swift; path = SplashPage.swift; sourceTree = "<group>"; };
/* End PBXFileReference section */

/* Begin PBXFrameworksBuildPhase section */
		A5AEEC0F2B2F1D750028EC4B /* Frameworks */ = {
			isa = PBXFrameworksBuildPhase;
			buildActionMask = 2147483647;
			files = (
			);
			runOnlyForDeploymentPostprocessing = 0;
		};
		A5AEEC262B2F1D760028EC4B /* Frameworks */ = {
			isa = PBXFrameworksBuildPhase;
			buildActionMask = 2147483647;
			files = (
			);
			runOnlyForDeploymentPostprocessing = 0;
		};
		A5AEEC302B2F1D760028EC4B /* Frameworks */ = {
			isa = PBXFrameworksBuildPhase;
			buildActionMask = 2147483647;
			files = (
			);
			runOnlyForDeploymentPostprocessing = 0;
		};
/* End PBXFrameworksBuildPhase section */

/* Begin PBXGroup section */
		81C9C9972B37E64E000FF8F0 /* Calander */ = {
			isa = PBXGroup;
			children = (
				81C9C9952B37E63C000FF8F0 /* DateValue.swift */,
				81C9C9932B37E5CB000FF8F0 /* tripDatePicker.swift */,
				81C9C9982B37E694000FF8F0 /* CalendarView.swift */,
			);
			path = Calander;
			sourceTree = "<group>";
		};
		A5AEEC092B2F1D750028EC4B = {
			isa = PBXGroup;
			children = (
				A5AEEC142B2F1D750028EC4B /* MattaApp */,
				A5AEEC132B2F1D750028EC4B /* Products */,
			);
			sourceTree = "<group>";
		};
		A5AEEC132B2F1D750028EC4B /* Products */ = {
			isa = PBXGroup;
			children = (
				A5AEEC122B2F1D750028EC4B /* MattaApp.app */,
				A5AEEC292B2F1D760028EC4B /* MattaAppTests.xctest */,
				A5AEEC332B2F1D760028EC4B /* MattaAppUITests.xctest */,
			);
			name = Products;
			sourceTree = "<group>";
		};
		A5AEEC142B2F1D750028EC4B /* MattaApp */ = {
			isa = PBXGroup;
			children = (
				A5AEEC152B2F1D750028EC4B /* MattaAppApp.swift */,
				A529960F2B32FE4200864885 /* ContentView.swift */,
				A52996112B32FE7200864885 /* DestinationListingView.swift */,
				A52996132B32FE9100864885 /* EditDestinationView.swift */,
				A52996152B32FEBD00864885 /* PlansForDestinationView.swift */,
				A52996172B32FEE500864885 /* Destination.swift */,
				81C9C9972B37E64E000FF8F0 /* Calander */,
				A5AEEC462B2F1F700028EC4B /* SplashPage.swift */,
				A5AEEC192B2F1D760028EC4B /* Assets.xcassets */,
				A5AEEC232B2F1D760028EC4B /* MattaApp.entitlements */,
				A5AEEC242B2F1D760028EC4B /* Info.plist */,
				A5AEEC202B2F1D760028EC4B /* MattaApp.xcdatamodeld */,
				A5AEEC1B2B2F1D760028EC4B /* Preview Content */,
			);
			path = MattaApp;
			sourceTree = "<group>";
		};
		A5AEEC1B2B2F1D760028EC4B /* Preview Content */ = {
			isa = PBXGroup;
			children = (
				A5AEEC1C2B2F1D760028EC4B /* Preview Assets.xcassets */,
			);
			path = "Preview Content";
			sourceTree = "<group>";
		};
/* End PBXGroup section */

/* Begin PBXNativeTarget section */
		A5AEEC112B2F1D750028EC4B /* MattaApp */ = {
			isa = PBXNativeTarget;
			buildConfigurationList = A5AEEC3D2B2F1D760028EC4B /* Build configuration list for PBXNativeTarget "MattaApp" */;
			buildPhases = (
				A5AEEC0E2B2F1D750028EC4B /* Sources */,
				A5AEEC0F2B2F1D750028EC4B /* Frameworks */,
				A5AEEC102B2F1D750028EC4B /* Resources */,
			);
			buildRules = (
			);
			dependencies = (
			);
			name = MattaApp;
			productName = MattaApp;
			productReference = A5AEEC122B2F1D750028EC4B /* MattaApp.app */;
			productType = "com.apple.product-type.application";
		};
		A5AEEC282B2F1D760028EC4B /* MattaAppTests */ = {
			isa = PBXNativeTarget;
			buildConfigurationList = A5AEEC402B2F1D760028EC4B /* Build configuration list for PBXNativeTarget "MattaAppTests" */;
			buildPhases = (
				A5AEEC252B2F1D760028EC4B /* Sources */,
				A5AEEC262B2F1D760028EC4B /* Frameworks */,
				A5AEEC272B2F1D760028EC4B /* Resources */,
			);
			buildRules = (
			);
			dependencies = (
				A5AEEC2B2B2F1D760028EC4B /* PBXTargetDependency */,
			);
			name = MattaAppTests;
			productName = MattaAppTests;
			productReference = A5AEEC292B2F1D760028EC4B /* MattaAppTests.xctest */;
			productType = "com.apple.product-type.bundle.unit-test";
		};
		A5AEEC322B2F1D760028EC4B /* MattaAppUITests */ = {
			isa = PBXNativeTarget;
			buildConfigurationList = A5AEEC432B2F1D760028EC4B /* Build configuration list for PBXNativeTarget "MattaAppUITests" */;
			buildPhases = (
				A5AEEC2F2B2F1D760028EC4B /* Sources */,
				A5AEEC302B2F1D760028EC4B /* Frameworks */,
				A5AEEC312B2F1D760028EC4B /* Resources */,
			);
			buildRules = (
			);
			dependencies = (
				A5AEEC352B2F1D760028EC4B /* PBXTargetDependency */,
			);
			name = MattaAppUITests;
			productName = MattaAppUITests;
			productReference = A5AEEC332B2F1D760028EC4B /* MattaAppUITests.xctest */;
			productType = "com.apple.product-type.bundle.ui-testing";
		};
/* End PBXNativeTarget section */

/* Begin PBXProject section */
		A5AEEC0A2B2F1D750028EC4B /* Project object */ = {
			isa = PBXProject;
			attributes = {
				BuildIndependentTargetsInParallel = 1;
				LastSwiftUpdateCheck = 1510;
				LastUpgradeCheck = 1510;
				TargetAttributes = {
					A5AEEC112B2F1D750028EC4B = {
						CreatedOnToolsVersion = 15.1;
					};
					A5AEEC282B2F1D760028EC4B = {
						CreatedOnToolsVersion = 15.1;
						TestTargetID = A5AEEC112B2F1D750028EC4B;
					};
					A5AEEC322B2F1D760028EC4B = {
						CreatedOnToolsVersion = 15.1;
						TestTargetID = A5AEEC112B2F1D750028EC4B;
					};
				};
			};
			buildConfigurationList = A5AEEC0D2B2F1D750028EC4B /* Build configuration list for PBXProject "MattaApp" */;
			compatibilityVersion = "Xcode 14.0";
			developmentRegion = en;
			hasScannedForEncodings = 0;
			knownRegions = (
				en,
				Base,
			);
			mainGroup = A5AEEC092B2F1D750028EC4B;
			productRefGroup = A5AEEC132B2F1D750028EC4B /* Products */;
			projectDirPath = "";
			projectRoot = "";
			targets = (
				A5AEEC112B2F1D750028EC4B /* MattaApp */,
				A5AEEC282B2F1D760028EC4B /* MattaAppTests */,
				A5AEEC322B2F1D760028EC4B /* MattaAppUITests */,
			);
		};
/* End PBXProject section */

/* Begin PBXResourcesBuildPhase section */
		A5AEEC102B2F1D750028EC4B /* Resources */ = {
			isa = PBXResourcesBuildPhase;
			buildActionMask = 2147483647;
			files = (
				A5AEEC1D2B2F1D760028EC4B /* Preview Assets.xcassets in Resources */,
				A5AEEC1A2B2F1D760028EC4B /* Assets.xcassets in Resources */,
			);
			runOnlyForDeploymentPostprocessing = 0;
		};
		A5AEEC272B2F1D760028EC4B /* Resources */ = {
			isa = PBXResourcesBuildPhase;
			buildActionMask = 2147483647;
			files = (
			);
			runOnlyForDeploymentPostprocessing = 0;
		};
		A5AEEC312B2F1D760028EC4B /* Resources */ = {
			isa = PBXResourcesBuildPhase;
			buildActionMask = 2147483647;
			files = (
			);
			runOnlyForDeploymentPostprocessing = 0;
		};
/* End PBXResourcesBuildPhase section */

/* Begin PBXSourcesBuildPhase section */
		A5AEEC0E2B2F1D750028EC4B /* Sources */ = {
			isa = PBXSourcesBuildPhase;
			buildActionMask = 2147483647;
			files = (
				A5AEEC222B2F1D760028EC4B /* MattaApp.xcdatamodeld in Sources */,
				A5AEEC472B2F1F700028EC4B /* SplashPage.swift in Sources */,
				A52996102B32FE4200864885 /* ContentView.swift in Sources */,
				A52996142B32FE9100864885 /* EditDestinationView.swift in Sources */,
				A5AEEC162B2F1D750028EC4B /* MattaAppApp.swift in Sources */,
				A52996122B32FE7200864885 /* DestinationListingView.swift in Sources */,
				81C9C9992B37E694000FF8F0 /* CalendarView.swift in Sources */,
				A52996182B32FEE500864885 /* Destination.swift in Sources */,
				81C9C9942B37E5CB000FF8F0 /* tripDatePicker.swift in Sources */,
				A52996162B32FEBD00864885 /* PlansForDestinationView.swift in Sources */,
				81C9C9962B37E63C000FF8F0 /* DateValue.swift in Sources */,
			);
			runOnlyForDeploymentPostprocessing = 0;
		};
		A5AEEC252B2F1D760028EC4B /* Sources */ = {
			isa = PBXSourcesBuildPhase;
			buildActionMask = 2147483647;
			files = (
			);
			runOnlyForDeploymentPostprocessing = 0;
		};
		A5AEEC2F2B2F1D760028EC4B /* Sources */ = {
			isa = PBXSourcesBuildPhase;
			buildActionMask = 2147483647;
			files = (
			);
			runOnlyForDeploymentPostprocessing = 0;
		};
/* End PBXSourcesBuildPhase section */

/* Begin PBXTargetDependency section */
		A5AEEC2B2B2F1D760028EC4B /* PBXTargetDependency */ = {
			isa = PBXTargetDependency;
			target = A5AEEC112B2F1D750028EC4B /* MattaApp */;
			targetProxy = A5AEEC2A2B2F1D760028EC4B /* PBXContainerItemProxy */;
		};
		A5AEEC352B2F1D760028EC4B /* PBXTargetDependency */ = {
			isa = PBXTargetDependency;
			target = A5AEEC112B2F1D750028EC4B /* MattaApp */;
			targetProxy = A5AEEC342B2F1D760028EC4B /* PBXContainerItemProxy */;
		};
/* End PBXTargetDependency section */

/* Begin XCBuildConfiguration section */
		A5AEEC3B2B2F1D760028EC4B /* Debug */ = {
			isa = XCBuildConfiguration;
			buildSettings = {
				ALWAYS_SEARCH_USER_PATHS = NO;
				ASSETCATALOG_COMPILER_GENERATE_SWIFT_ASSET_SYMBOL_EXTENSIONS = YES;
				CLANG_ANALYZER_NONNULL = YES;
				CLANG_ANALYZER_NUMBER_OBJECT_CONVERSION = YES_AGGRESSIVE;
				CLANG_CXX_LANGUAGE_STANDARD = "gnu++20";
				CLANG_ENABLE_MODULES = YES;
				CLANG_ENABLE_OBJC_ARC = YES;
				CLANG_ENABLE_OBJC_WEAK = YES;
				CLANG_WARN_BLOCK_CAPTURE_AUTORELEASING = YES;
				CLANG_WARN_BOOL_CONVERSION = YES;
				CLANG_WARN_COMMA = YES;
				CLANG_WARN_CONSTANT_CONVERSION = YES;
				CLANG_WARN_DEPRECATED_OBJC_IMPLEMENTATIONS = YES;
				CLANG_WARN_DIRECT_OBJC_ISA_USAGE = YES_ERROR;
				CLANG_WARN_DOCUMENTATION_COMMENTS = YES;
				CLANG_WARN_EMPTY_BODY = YES;
				CLANG_WARN_ENUM_CONVERSION = YES;
				CLANG_WARN_INFINITE_RECURSION = YES;
				CLANG_WARN_INT_CONVERSION = YES;
				CLANG_WARN_NON_LITERAL_NULL_CONVERSION = YES;
				CLANG_WARN_OBJC_IMPLICIT_RETAIN_SELF = YES;
				CLANG_WARN_OBJC_LITERAL_CONVERSION = YES;
				CLANG_WARN_OBJC_ROOT_CLASS = YES_ERROR;
				CLANG_WARN_QUOTED_INCLUDE_IN_FRAMEWORK_HEADER = YES;
				CLANG_WARN_RANGE_LOOP_ANALYSIS = YES;
				CLANG_WARN_STRICT_PROTOTYPES = YES;
				CLANG_WARN_SUSPICIOUS_MOVE = YES;
				CLANG_WARN_UNGUARDED_AVAILABILITY = YES_AGGRESSIVE;
				CLANG_WARN_UNREACHABLE_CODE = YES;
				CLANG_WARN__DUPLICATE_METHOD_MATCH = YES;
				COPY_PHASE_STRIP = NO;
				DEBUG_INFORMATION_FORMAT = dwarf;
				ENABLE_STRICT_OBJC_MSGSEND = YES;
				ENABLE_TESTABILITY = YES;
				ENABLE_USER_SCRIPT_SANDBOXING = YES;
				GCC_C_LANGUAGE_STANDARD = gnu17;
				GCC_DYNAMIC_NO_PIC = NO;
				GCC_NO_COMMON_BLOCKS = YES;
				GCC_OPTIMIZATION_LEVEL = 0;
				GCC_PREPROCESSOR_DEFINITIONS = (
					"DEBUG=1",
					"$(inherited)",
				);
				GCC_WARN_64_TO_32_BIT_CONVERSION = YES;
				GCC_WARN_ABOUT_RETURN_TYPE = YES_ERROR;
				GCC_WARN_UNDECLARED_SELECTOR = YES;
				GCC_WARN_UNINITIALIZED_AUTOS = YES_AGGRESSIVE;
				GCC_WARN_UNUSED_FUNCTION = YES;
				GCC_WARN_UNUSED_VARIABLE = YES;
				IPHONEOS_DEPLOYMENT_TARGET = 17.2;
				LOCALIZATION_PREFERS_STRING_CATALOGS = YES;
				MTL_ENABLE_DEBUG_INFO = INCLUDE_SOURCE;
				MTL_FAST_MATH = YES;
				ONLY_ACTIVE_ARCH = YES;
				SDKROOT = iphoneos;
				SWIFT_ACTIVE_COMPILATION_CONDITIONS = "DEBUG $(inherited)";
				SWIFT_OPTIMIZATION_LEVEL = "-Onone";
			};
			name = Debug;
		};
		A5AEEC3C2B2F1D760028EC4B /* Release */ = {
			isa = XCBuildConfiguration;
			buildSettings = {
				ALWAYS_SEARCH_USER_PATHS = NO;
				ASSETCATALOG_COMPILER_GENERATE_SWIFT_ASSET_SYMBOL_EXTENSIONS = YES;
				CLANG_ANALYZER_NONNULL = YES;
				CLANG_ANALYZER_NUMBER_OBJECT_CONVERSION = YES_AGGRESSIVE;
				CLANG_CXX_LANGUAGE_STANDARD = "gnu++20";
				CLANG_ENABLE_MODULES = YES;
				CLANG_ENABLE_OBJC_ARC = YES;
				CLANG_ENABLE_OBJC_WEAK = YES;
				CLANG_WARN_BLOCK_CAPTURE_AUTORELEASING = YES;
				CLANG_WARN_BOOL_CONVERSION = YES;
				CLANG_WARN_COMMA = YES;
				CLANG_WARN_CONSTANT_CONVERSION = YES;
				CLANG_WARN_DEPRECATED_OBJC_IMPLEMENTATIONS = YES;
				CLANG_WARN_DIRECT_OBJC_ISA_USAGE = YES_ERROR;
				CLANG_WARN_DOCUMENTATION_COMMENTS = YES;
				CLANG_WARN_EMPTY_BODY = YES;
				CLANG_WARN_ENUM_CONVERSION = YES;
				CLANG_WARN_INFINITE_RECURSION = YES;
				CLANG_WARN_INT_CONVERSION = YES;
				CLANG_WARN_NON_LITERAL_NULL_CONVERSION = YES;
				CLANG_WARN_OBJC_IMPLICIT_RETAIN_SELF = YES;
				CLANG_WARN_OBJC_LITERAL_CONVERSION = YES;
				CLANG_WARN_OBJC_ROOT_CLASS = YES_ERROR;
				CLANG_WARN_QUOTED_INCLUDE_IN_FRAMEWORK_HEADER = YES;
				CLANG_WARN_RANGE_LOOP_ANALYSIS = YES;
				CLANG_WARN_STRICT_PROTOTYPES = YES;
				CLANG_WARN_SUSPICIOUS_MOVE = YES;
				CLANG_WARN_UNGUARDED_AVAILABILITY = YES_AGGRESSIVE;
				CLANG_WARN_UNREACHABLE_CODE = YES;
				CLANG_WARN__DUPLICATE_METHOD_MATCH = YES;
				COPY_PHASE_STRIP = NO;
				DEBUG_INFORMATION_FORMAT = "dwarf-with-dsym";
				ENABLE_NS_ASSERTIONS = NO;
				ENABLE_STRICT_OBJC_MSGSEND = YES;
				ENABLE_USER_SCRIPT_SANDBOXING = YES;
				GCC_C_LANGUAGE_STANDARD = gnu17;
				GCC_NO_COMMON_BLOCKS = YES;
				GCC_WARN_64_TO_32_BIT_CONVERSION = YES;
				GCC_WARN_ABOUT_RETURN_TYPE = YES_ERROR;
				GCC_WARN_UNDECLARED_SELECTOR = YES;
				GCC_WARN_UNINITIALIZED_AUTOS = YES_AGGRESSIVE;
				GCC_WARN_UNUSED_FUNCTION = YES;
				GCC_WARN_UNUSED_VARIABLE = YES;
				IPHONEOS_DEPLOYMENT_TARGET = 17.2;
				LOCALIZATION_PREFERS_STRING_CATALOGS = YES;
				MTL_ENABLE_DEBUG_INFO = NO;
				MTL_FAST_MATH = YES;
				SDKROOT = iphoneos;
				SWIFT_COMPILATION_MODE = wholemodule;
				VALIDATE_PRODUCT = YES;
			};
			name = Release;
		};
		A5AEEC3E2B2F1D760028EC4B /* Debug */ = {
			isa = XCBuildConfiguration;
			buildSettings = {
				ASSETCATALOG_COMPILER_APPICON_NAME = AppIcon;
				ASSETCATALOG_COMPILER_GLOBAL_ACCENT_COLOR_NAME = AccentColor;
				CODE_SIGN_ENTITLEMENTS = MattaApp/MattaApp.entitlements;
				CODE_SIGN_STYLE = Automatic;
				CURRENT_PROJECT_VERSION = 1;
				DEVELOPMENT_ASSET_PATHS = "\"MattaApp/Preview Content\"";
				DEVELOPMENT_TEAM = V6P9B428J2;
				ENABLE_PREVIEWS = YES;
				GENERATE_INFOPLIST_FILE = YES;
				INFOPLIST_FILE = MattaApp/Info.plist;
				INFOPLIST_KEY_UIApplicationSceneManifest_Generation = YES;
				INFOPLIST_KEY_UIApplicationSupportsIndirectInputEvents = YES;
				INFOPLIST_KEY_UILaunchScreen_Generation = YES;
				INFOPLIST_KEY_UISupportedInterfaceOrientations_iPad = "UIInterfaceOrientationPortrait UIInterfaceOrientationPortraitUpsideDown UIInterfaceOrientationLandscapeLeft UIInterfaceOrientationLandscapeRight";
				INFOPLIST_KEY_UISupportedInterfaceOrientations_iPhone = "UIInterfaceOrientationPortrait UIInterfaceOrientationLandscapeLeft UIInterfaceOrientationLandscapeRight";
				LD_RUNPATH_SEARCH_PATHS = (
					"$(inherited)",
					"@executable_path/Frameworks",
				);
				MARKETING_VERSION = 1.0;
				PRODUCT_BUNDLE_IDENTIFIER = iOS.MattaApp;
				PRODUCT_NAME = "$(TARGET_NAME)";
				SWIFT_EMIT_LOC_STRINGS = YES;
				SWIFT_VERSION = 5.0;
				TARGETED_DEVICE_FAMILY = "1,2";
			};
			name = Debug;
		};
		A5AEEC3F2B2F1D760028EC4B /* Release */ = {
			isa = XCBuildConfiguration;
			buildSettings = {
				ASSETCATALOG_COMPILER_APPICON_NAME = AppIcon;
				ASSETCATALOG_COMPILER_GLOBAL_ACCENT_COLOR_NAME = AccentColor;
				CODE_SIGN_ENTITLEMENTS = MattaApp/MattaApp.entitlements;
				CODE_SIGN_STYLE = Automatic;
				CURRENT_PROJECT_VERSION = 1;
				DEVELOPMENT_ASSET_PATHS = "\"MattaApp/Preview Content\"";
				DEVELOPMENT_TEAM = V6P9B428J2;
				ENABLE_PREVIEWS = YES;
				GENERATE_INFOPLIST_FILE = YES;
				INFOPLIST_FILE = MattaApp/Info.plist;
				INFOPLIST_KEY_UIApplicationSceneManifest_Generation = YES;
				INFOPLIST_KEY_UIApplicationSupportsIndirectInputEvents = YES;
				INFOPLIST_KEY_UILaunchScreen_Generation = YES;
				INFOPLIST_KEY_UISupportedInterfaceOrientations_iPad = "UIInterfaceOrientationPortrait UIInterfaceOrientationPortraitUpsideDown UIInterfaceOrientationLandscapeLeft UIInterfaceOrientationLandscapeRight";
				INFOPLIST_KEY_UISupportedInterfaceOrientations_iPhone = "UIInterfaceOrientationPortrait UIInterfaceOrientationLandscapeLeft UIInterfaceOrientationLandscapeRight";
				LD_RUNPATH_SEARCH_PATHS = (
					"$(inherited)",
					"@executable_path/Frameworks",
				);
				MARKETING_VERSION = 1.0;
				PRODUCT_BUNDLE_IDENTIFIER = iOS.MattaApp;
				PRODUCT_NAME = "$(TARGET_NAME)";
				SWIFT_EMIT_LOC_STRINGS = YES;
				SWIFT_VERSION = 5.0;
				TARGETED_DEVICE_FAMILY = "1,2";
			};
			name = Release;
		};
		A5AEEC412B2F1D760028EC4B /* Debug */ = {
			isa = XCBuildConfiguration;
			buildSettings = {
				ALWAYS_EMBED_SWIFT_STANDARD_LIBRARIES = YES;
				BUNDLE_LOADER = "$(TEST_HOST)";
				CODE_SIGN_STYLE = Automatic;
				CURRENT_PROJECT_VERSION = 1;
				DEVELOPMENT_TEAM = V6P9B428J2;
				GENERATE_INFOPLIST_FILE = YES;
				IPHONEOS_DEPLOYMENT_TARGET = 17.2;
				MARKETING_VERSION = 1.0;
				PRODUCT_BUNDLE_IDENTIFIER = iOS.MattaAppTests;
				PRODUCT_NAME = "$(TARGET_NAME)";
				SWIFT_EMIT_LOC_STRINGS = NO;
				SWIFT_VERSION = 5.0;
				TARGETED_DEVICE_FAMILY = "1,2";
				TEST_HOST = "$(BUILT_PRODUCTS_DIR)/MattaApp.app/$(BUNDLE_EXECUTABLE_FOLDER_PATH)/MattaApp";
			};
			name = Debug;
		};
		A5AEEC422B2F1D760028EC4B /* Release */ = {
			isa = XCBuildConfiguration;
			buildSettings = {
				ALWAYS_EMBED_SWIFT_STANDARD_LIBRARIES = YES;
				BUNDLE_LOADER = "$(TEST_HOST)";
				CODE_SIGN_STYLE = Automatic;
				CURRENT_PROJECT_VERSION = 1;
				DEVELOPMENT_TEAM = V6P9B428J2;
				GENERATE_INFOPLIST_FILE = YES;
				IPHONEOS_DEPLOYMENT_TARGET = 17.2;
				MARKETING_VERSION = 1.0;
				PRODUCT_BUNDLE_IDENTIFIER = iOS.MattaAppTests;
				PRODUCT_NAME = "$(TARGET_NAME)";
				SWIFT_EMIT_LOC_STRINGS = NO;
				SWIFT_VERSION = 5.0;
				TARGETED_DEVICE_FAMILY = "1,2";
				TEST_HOST = "$(BUILT_PRODUCTS_DIR)/MattaApp.app/$(BUNDLE_EXECUTABLE_FOLDER_PATH)/MattaApp";
			};
			name = Release;
		};
		A5AEEC442B2F1D760028EC4B /* Debug */ = {
			isa = XCBuildConfiguration;
			buildSettings = {
				ALWAYS_EMBED_SWIFT_STANDARD_LIBRARIES = YES;
				CODE_SIGN_STYLE = Automatic;
				CURRENT_PROJECT_VERSION = 1;
				DEVELOPMENT_TEAM = V6P9B428J2;
				GENERATE_INFOPLIST_FILE = YES;
				MARKETING_VERSION = 1.0;
				PRODUCT_BUNDLE_IDENTIFIER = iOS.MattaAppUITests;
				PRODUCT_NAME = "$(TARGET_NAME)";
				SWIFT_EMIT_LOC_STRINGS = NO;
				SWIFT_VERSION = 5.0;
				TARGETED_DEVICE_FAMILY = "1,2";
				TEST_TARGET_NAME = MattaApp;
			};
			name = Debug;
		};
		A5AEEC452B2F1D760028EC4B /* Release */ = {
			isa = XCBuildConfiguration;
			buildSettings = {
				ALWAYS_EMBED_SWIFT_STANDARD_LIBRARIES = YES;
				CODE_SIGN_STYLE = Automatic;
				CURRENT_PROJECT_VERSION = 1;
				DEVELOPMENT_TEAM = V6P9B428J2;
				GENERATE_INFOPLIST_FILE = YES;
				MARKETING_VERSION = 1.0;
				PRODUCT_BUNDLE_IDENTIFIER = iOS.MattaAppUITests;
				PRODUCT_NAME = "$(TARGET_NAME)";
				SWIFT_EMIT_LOC_STRINGS = NO;
				SWIFT_VERSION = 5.0;
				TARGETED_DEVICE_FAMILY = "1,2";
				TEST_TARGET_NAME = MattaApp;
			};
			name = Release;
		};
/* End XCBuildConfiguration section */

/* Begin XCConfigurationList section */
		A5AEEC0D2B2F1D750028EC4B /* Build configuration list for PBXProject "MattaApp" */ = {
			isa = XCConfigurationList;
			buildConfigurations = (
				A5AEEC3B2B2F1D760028EC4B /* Debug */,
				A5AEEC3C2B2F1D760028EC4B /* Release */,
			);
			defaultConfigurationIsVisible = 0;
			defaultConfigurationName = Release;
		};
		A5AEEC3D2B2F1D760028EC4B /* Build configuration list for PBXNativeTarget "MattaApp" */ = {
			isa = XCConfigurationList;
			buildConfigurations = (
				A5AEEC3E2B2F1D760028EC4B /* Debug */,
				A5AEEC3F2B2F1D760028EC4B /* Release */,
			);
			defaultConfigurationIsVisible = 0;
			defaultConfigurationName = Release;
		};
		A5AEEC402B2F1D760028EC4B /* Build configuration list for PBXNativeTarget "MattaAppTests" */ = {
			isa = XCConfigurationList;
			buildConfigurations = (
				A5AEEC412B2F1D760028EC4B /* Debug */,
				A5AEEC422B2F1D760028EC4B /* Release */,
			);
			defaultConfigurationIsVisible = 0;
			defaultConfigurationName = Release;
		};
		A5AEEC432B2F1D760028EC4B /* Build configuration list for PBXNativeTarget "MattaAppUITests" */ = {
			isa = XCConfigurationList;
			buildConfigurations = (
				A5AEEC442B2F1D760028EC4B /* Debug */,
				A5AEEC452B2F1D760028EC4B /* Release */,
			);
			defaultConfigurationIsVisible = 0;
			defaultConfigurationName = Release;
		};
/* End XCConfigurationList section */

/* Begin XCVersionGroup section */
		A5AEEC202B2F1D760028EC4B /* MattaApp.xcdatamodeld */ = {
			isa = XCVersionGroup;
			children = (
				A5AEEC212B2F1D760028EC4B /* MattaApp.xcdatamodel */,
			);
			currentVersion = A5AEEC212B2F1D760028EC4B /* MattaApp.xcdatamodel */;
			path = MattaApp.xcdatamodeld;
			sourceTree = "<group>";
			versionGroupType = wrapper.xcdatamodel;
		};
/* End XCVersionGroup section */
	};
	rootObject = A5AEEC0A2B2F1D750028EC4B /* Project object */;
}
